// !$*UTF8*$!
{
	archiveVersion = 1;
	classes = {
	};
	objectVersion = 46;
	objects = {

/* Begin PBXBuildFile section */
		C01615901B4FC59F00D66DC6 /* TableViewController.m in Sources */ = {isa = PBXBuildFile; fileRef = C016158F1B4FC59F00D66DC6 /* TableViewController.m */; };
		C01F61AD1B4F7C7D00FD6759 /* main.m in Sources */ = {isa = PBXBuildFile; fileRef = C01F61AC1B4F7C7D00FD6759 /* main.m */; };
		C01F61B01B4F7C7D00FD6759 /* AppDelegate.m in Sources */ = {isa = PBXBuildFile; fileRef = C01F61AF1B4F7C7D00FD6759 /* AppDelegate.m */; };
		C01F61B31B4F7C7D00FD6759 /* ViewController.m in Sources */ = {isa = PBXBuildFile; fileRef = C01F61B21B4F7C7D00FD6759 /* ViewController.m */; };
		C01F61B61B4F7C7D00FD6759 /* Main.storyboard in Resources */ = {isa = PBXBuildFile; fileRef = C01F61B41B4F7C7D00FD6759 /* Main.storyboard */; };
		C01F61B81B4F7C7D00FD6759 /* Images.xcassets in Resources */ = {isa = PBXBuildFile; fileRef = C01F61B71B4F7C7D00FD6759 /* Images.xcassets */; };
		C01F61BB1B4F7C7D00FD6759 /* LaunchScreen.xib in Resources */ = {isa = PBXBuildFile; fileRef = C01F61B91B4F7C7D00FD6759 /* LaunchScreen.xib */; };
		C01F61C71B4F7C7D00FD6759 /* test1Tests.m in Sources */ = {isa = PBXBuildFile; fileRef = C01F61C61B4F7C7D00FD6759 /* test1Tests.m */; };
		C0383E9D1B65EF42000FBFA4 /* CellDetailViewController.m in Sources */ = {isa = PBXBuildFile; fileRef = C0383E9C1B65EF42000FBFA4 /* CellDetailViewController.m */; };
		C048D2551B550303008AF8E0 /* angry_birds_cake.jpg in Resources */ = {isa = PBXBuildFile; fileRef = C048D2451B550303008AF8E0 /* angry_birds_cake.jpg */; };
		C048D2561B550303008AF8E0 /* creme_brelee.jpg in Resources */ = {isa = PBXBuildFile; fileRef = C048D2461B550303008AF8E0 /* creme_brelee.jpg */; };
		C048D2571B550303008AF8E0 /* egg_benedict.jpg in Resources */ = {isa = PBXBuildFile; fileRef = C048D2471B550303008AF8E0 /* egg_benedict.jpg */; };
		C048D2581B550303008AF8E0 /* full_breakfast.jpg in Resources */ = {isa = PBXBuildFile; fileRef = C048D2481B550303008AF8E0 /* full_breakfast.jpg */; };
		C048D2591B550303008AF8E0 /* green_tea.jpg in Resources */ = {isa = PBXBuildFile; fileRef = C048D2491B550303008AF8E0 /* green_tea.jpg */; };
		C048D25A1B550303008AF8E0 /* ham_and_cheese_panini.jpg in Resources */ = {isa = PBXBuildFile; fileRef = C048D24A1B550303008AF8E0 /* ham_and_cheese_panini.jpg */; };
		C048D25B1B550303008AF8E0 /* ham_and_egg_sandwich.jpg in Resources */ = {isa = PBXBuildFile; fileRef = C048D24B1B550303008AF8E0 /* ham_and_egg_sandwich.jpg */; };
		C048D25C1B550303008AF8E0 /* hamburger.jpg in Resources */ = {isa = PBXBuildFile; fileRef = C048D24C1B550303008AF8E0 /* hamburger.jpg */; };
		C048D25D1B550303008AF8E0 /* instant_noodle_with_egg.jpg in Resources */ = {isa = PBXBuildFile; fileRef = C048D24D1B550303008AF8E0 /* instant_noodle_with_egg.jpg */; };
		C048D25E1B550303008AF8E0 /* japanese_noodle_with_pork.jpg in Resources */ = {isa = PBXBuildFile; fileRef = C048D24E1B550303008AF8E0 /* japanese_noodle_with_pork.jpg */; };
		C048D25F1B550303008AF8E0 /* mushroom_risotto.jpg in Resources */ = {isa = PBXBuildFile; fileRef = C048D24F1B550303008AF8E0 /* mushroom_risotto.jpg */; };
		C048D2601B550303008AF8E0 /* noodle_with_bbq_pork.jpg in Resources */ = {isa = PBXBuildFile; fileRef = C048D2501B550303008AF8E0 /* noodle_with_bbq_pork.jpg */; };
		C048D2611B550303008AF8E0 /* starbucks_coffee.jpg in Resources */ = {isa = PBXBuildFile; fileRef = C048D2511B550303008AF8E0 /* starbucks_coffee.jpg */; };
		C048D2621B550303008AF8E0 /* thai_shrimp_cake.jpg in Resources */ = {isa = PBXBuildFile; fileRef = C048D2521B550303008AF8E0 /* thai_shrimp_cake.jpg */; };
		C048D2631B550303008AF8E0 /* vegetable_curry.jpg in Resources */ = {isa = PBXBuildFile; fileRef = C048D2531B550303008AF8E0 /* vegetable_curry.jpg */; };
		C048D2641B550303008AF8E0 /* white_chocolate_donut.jpg in Resources */ = {isa = PBXBuildFile; fileRef = C048D2541B550303008AF8E0 /* white_chocolate_donut.jpg */; };
		C05C50C81B5793CA00D7DDCF /* TableCellController.m in Sources */ = {isa = PBXBuildFile; fileRef = C05C50C71B5793CA00D7DDCF /* TableCellController.m */; };
		C0A9F0E51B564B5100047182 /* TableCell.xib in Resources */ = {isa = PBXBuildFile; fileRef = C0A9F0E41B564B5100047182 /* TableCell.xib */; };
/* End PBXBuildFile section */

/* Begin PBXContainerItemProxy section */
		C01F61C11B4F7C7D00FD6759 /* PBXContainerItemProxy */ = {
			isa = PBXContainerItemProxy;
			containerPortal = C01F619F1B4F7C7D00FD6759 /* Project object */;
			proxyType = 1;
			remoteGlobalIDString = C01F61A61B4F7C7D00FD6759;
			remoteInfo = test1;
		};
/* End PBXContainerItemProxy section */

/* Begin PBXFileReference section */
		C016158F1B4FC59F00D66DC6 /* TableViewController.m */ = {isa = PBXFileReference; fileEncoding = 4; lastKnownFileType = sourcecode.c.objc; path = TableViewController.m; sourceTree = "<group>"; };
		C01615911B4FC5E000D66DC6 /* TableViewController.h */ = {isa = PBXFileReference; lastKnownFileType = sourcecode.c.h; path = TableViewController.h; sourceTree = "<group>"; };
		C01F61A71B4F7C7D00FD6759 /* test1.app */ = {isa = PBXFileReference; explicitFileType = wrapper.application; includeInIndex = 0; path = test1.app; sourceTree = BUILT_PRODUCTS_DIR; };
		C01F61AB1B4F7C7D00FD6759 /* Info.plist */ = {isa = PBXFileReference; lastKnownFileType = text.plist.xml; path = Info.plist; sourceTree = "<group>"; };
		C01F61AC1B4F7C7D00FD6759 /* main.m */ = {isa = PBXFileReference; lastKnownFileType = sourcecode.c.objc; path = main.m; sourceTree = "<group>"; };
		C01F61AE1B4F7C7D00FD6759 /* AppDelegate.h */ = {isa = PBXFileReference; lastKnownFileType = sourcecode.c.h; path = AppDelegate.h; sourceTree = "<group>"; };
		C01F61AF1B4F7C7D00FD6759 /* AppDelegate.m */ = {isa = PBXFileReference; lastKnownFileType = sourcecode.c.objc; path = AppDelegate.m; sourceTree = "<group>"; };
		C01F61B11B4F7C7D00FD6759 /* ViewController.h */ = {isa = PBXFileReference; lastKnownFileType = sourcecode.c.h; path = ViewController.h; sourceTree = "<group>"; };
		C01F61B21B4F7C7D00FD6759 /* ViewController.m */ = {isa = PBXFileReference; lastKnownFileType = sourcecode.c.objc; path = ViewController.m; sourceTree = "<group>"; };
		C01F61B51B4F7C7D00FD6759 /* Base */ = {isa = PBXFileReference; lastKnownFileType = file.storyboard; name = Base; path = Base.lproj/Main.storyboard; sourceTree = "<group>"; };
		C01F61B71B4F7C7D00FD6759 /* Images.xcassets */ = {isa = PBXFileReference; lastKnownFileType = folder.assetcatalog; path = Images.xcassets; sourceTree = "<group>"; };
		C01F61BA1B4F7C7D00FD6759 /* Base */ = {isa = PBXFileReference; lastKnownFileType = file.xib; name = Base; path = Base.lproj/LaunchScreen.xib; sourceTree = "<group>"; };
		C01F61C01B4F7C7D00FD6759 /* test1Tests.xctest */ = {isa = PBXFileReference; explicitFileType = wrapper.cfbundle; includeInIndex = 0; path = test1Tests.xctest; sourceTree = BUILT_PRODUCTS_DIR; };
		C01F61C51B4F7C7D00FD6759 /* Info.plist */ = {isa = PBXFileReference; lastKnownFileType = text.plist.xml; path = Info.plist; sourceTree = "<group>"; };
		C01F61C61B4F7C7D00FD6759 /* test1Tests.m */ = {isa = PBXFileReference; lastKnownFileType = sourcecode.c.objc; path = test1Tests.m; sourceTree = "<group>"; };
		C0383E9B1B65EF42000FBFA4 /* CellDetailViewController.h */ = {isa = PBXFileReference; fileEncoding = 4; lastKnownFileType = sourcecode.c.h; path = CellDetailViewController.h; sourceTree = "<group>"; };
		C0383E9C1B65EF42000FBFA4 /* CellDetailViewController.m */ = {isa = PBXFileReference; fileEncoding = 4; lastKnownFileType = sourcecode.c.objc; path = CellDetailViewController.m; sourceTree = "<group>"; };
		C048D2451B550303008AF8E0 /* angry_birds_cake.jpg */ = {isa = PBXFileReference; lastKnownFileType = image.jpeg; name = angry_birds_cake.jpg; path = table_image_pack/angry_birds_cake.jpg; sourceTree = "<group>"; };
		C048D2461B550303008AF8E0 /* creme_brelee.jpg */ = {isa = PBXFileReference; lastKnownFileType = image.jpeg; name = creme_brelee.jpg; path = table_image_pack/creme_brelee.jpg; sourceTree = "<group>"; };
		C048D2471B550303008AF8E0 /* egg_benedict.jpg */ = {isa = PBXFileReference; lastKnownFileType = image.jpeg; name = egg_benedict.jpg; path = table_image_pack/egg_benedict.jpg; sourceTree = "<group>"; };
		C048D2481B550303008AF8E0 /* full_breakfast.jpg */ = {isa = PBXFileReference; lastKnownFileType = image.jpeg; name = full_breakfast.jpg; path = table_image_pack/full_breakfast.jpg; sourceTree = "<group>"; };
		C048D2491B550303008AF8E0 /* green_tea.jpg */ = {isa = PBXFileReference; lastKnownFileType = image.jpeg; name = green_tea.jpg; path = table_image_pack/green_tea.jpg; sourceTree = "<group>"; };
		C048D24A1B550303008AF8E0 /* ham_and_cheese_panini.jpg */ = {isa = PBXFileReference; lastKnownFileType = image.jpeg; name = ham_and_cheese_panini.jpg; path = table_image_pack/ham_and_cheese_panini.jpg; sourceTree = "<group>"; };
		C048D24B1B550303008AF8E0 /* ham_and_egg_sandwich.jpg */ = {isa = PBXFileReference; lastKnownFileType = image.jpeg; name = ham_and_egg_sandwich.jpg; path = table_image_pack/ham_and_egg_sandwich.jpg; sourceTree = "<group>"; };
		C048D24C1B550303008AF8E0 /* hamburger.jpg */ = {isa = PBXFileReference; lastKnownFileType = image.jpeg; name = hamburger.jpg; path = table_image_pack/hamburger.jpg; sourceTree = "<group>"; };
		C048D24D1B550303008AF8E0 /* instant_noodle_with_egg.jpg */ = {isa = PBXFileReference; lastKnownFileType = image.jpeg; name = instant_noodle_with_egg.jpg; path = table_image_pack/instant_noodle_with_egg.jpg; sourceTree = "<group>"; };
		C048D24E1B550303008AF8E0 /* japanese_noodle_with_pork.jpg */ = {isa = PBXFileReference; lastKnownFileType = image.jpeg; name = japanese_noodle_with_pork.jpg; path = table_image_pack/japanese_noodle_with_pork.jpg; sourceTree = "<group>"; };
		C048D24F1B550303008AF8E0 /* mushroom_risotto.jpg */ = {isa = PBXFileReference; lastKnownFileType = image.jpeg; name = mushroom_risotto.jpg; path = table_image_pack/mushroom_risotto.jpg; sourceTree = "<group>"; };
		C048D2501B550303008AF8E0 /* noodle_with_bbq_pork.jpg */ = {isa = PBXFileReference; lastKnownFileType = image.jpeg; name = noodle_with_bbq_pork.jpg; path = table_image_pack/noodle_with_bbq_pork.jpg; sourceTree = "<group>"; };
		C048D2511B550303008AF8E0 /* starbucks_coffee.jpg */ = {isa = PBXFileReference; lastKnownFileType = image.jpeg; name = starbucks_coffee.jpg; path = table_image_pack/starbucks_coffee.jpg; sourceTree = "<group>"; };
		C048D2521B550303008AF8E0 /* thai_shrimp_cake.jpg */ = {isa = PBXFileReference; lastKnownFileType = image.jpeg; name = thai_shrimp_cake.jpg; path = table_image_pack/thai_shrimp_cake.jpg; sourceTree = "<group>"; };
		C048D2531B550303008AF8E0 /* vegetable_curry.jpg */ = {isa = PBXFileReference; lastKnownFileType = image.jpeg; name = vegetable_curry.jpg; path = table_image_pack/vegetable_curry.jpg; sourceTree = "<group>"; };
		C048D2541B550303008AF8E0 /* white_chocolate_donut.jpg */ = {isa = PBXFileReference; lastKnownFileType = image.jpeg; name = white_chocolate_donut.jpg; path = table_image_pack/white_chocolate_donut.jpg; sourceTree = "<group>"; };
		C05C50C61B5793CA00D7DDCF /* TableCellController.h */ = {isa = PBXFileReference; fileEncoding = 4; lastKnownFileType = sourcecode.c.h; path = TableCellController.h; sourceTree = "<group>"; };
		C05C50C71B5793CA00D7DDCF /* TableCellController.m */ = {isa = PBXFileReference; fileEncoding = 4; lastKnownFileType = sourcecode.c.objc; path = TableCellController.m; sourceTree = "<group>"; };
		C0A9F0E41B564B5100047182 /* TableCell.xib */ = {isa = PBXFileReference; fileEncoding = 4; lastKnownFileType = file.xib; path = TableCell.xib; sourceTree = "<group>"; };
/* End PBXFileReference section */

/* Begin PBXFrameworksBuildPhase section */
		C01F61A41B4F7C7D00FD6759 /* Frameworks */ = {
			isa = PBXFrameworksBuildPhase;
			buildActionMask = 2147483647;
			files = (
			);
			runOnlyForDeploymentPostprocessing = 0;
		};
		C01F61BD1B4F7C7D00FD6759 /* Frameworks */ = {
			isa = PBXFrameworksBuildPhase;
			buildActionMask = 2147483647;
			files = (
			);
			runOnlyForDeploymentPostprocessing = 0;
		};
/* End PBXFrameworksBuildPhase section */

/* Begin PBXGroup section */
		C01F619E1B4F7C7D00FD6759 = {
			isa = PBXGroup;
			children = (
				C048D2441B5502E7008AF8E0 /* table_img */,
				C01F61A91B4F7C7D00FD6759 /* test1 */,
				C01F61C31B4F7C7D00FD6759 /* test1Tests */,
				C01F61A81B4F7C7D00FD6759 /* Products */,
			);
			sourceTree = "<group>";
		};
		C01F61A81B4F7C7D00FD6759 /* Products */ = {
			isa = PBXGroup;
			children = (
				C01F61A71B4F7C7D00FD6759 /* test1.app */,
				C01F61C01B4F7C7D00FD6759 /* test1Tests.xctest */,
			);
			name = Products;
			sourceTree = "<group>";
		};
		C01F61A91B4F7C7D00FD6759 /* test1 */ = {
			isa = PBXGroup;
			children = (
				C05C50C61B5793CA00D7DDCF /* TableCellController.h */,
				C05C50C71B5793CA00D7DDCF /* TableCellController.m */,
				C016158F1B4FC59F00D66DC6 /* TableViewController.m */,
				C01615911B4FC5E000D66DC6 /* TableViewController.h */,
				C01F61AE1B4F7C7D00FD6759 /* AppDelegate.h */,
				C01F61AF1B4F7C7D00FD6759 /* AppDelegate.m */,
				C01F61B11B4F7C7D00FD6759 /* ViewController.h */,
				C01F61B21B4F7C7D00FD6759 /* ViewController.m */,
				C01F61B41B4F7C7D00FD6759 /* Main.storyboard */,
				C0383E9B1B65EF42000FBFA4 /* CellDetailViewController.h */,
				C0383E9C1B65EF42000FBFA4 /* CellDetailViewController.m */,
				C01F61B71B4F7C7D00FD6759 /* Images.xcassets */,
				C01F61B91B4F7C7D00FD6759 /* LaunchScreen.xib */,
				C01F61AA1B4F7C7D00FD6759 /* Supporting Files */,
				C0A9F0E41B564B5100047182 /* TableCell.xib */,
			);
			path = test1;
			sourceTree = "<group>";
		};
		C01F61AA1B4F7C7D00FD6759 /* Supporting Files */ = {
			isa = PBXGroup;
			children = (
				C01F61AB1B4F7C7D00FD6759 /* Info.plist */,
				C01F61AC1B4F7C7D00FD6759 /* main.m */,
			);
			name = "Supporting Files";
			sourceTree = "<group>";
		};
		C01F61C31B4F7C7D00FD6759 /* test1Tests */ = {
			isa = PBXGroup;
			children = (
				C01F61C61B4F7C7D00FD6759 /* test1Tests.m */,
				C01F61C41B4F7C7D00FD6759 /* Supporting Files */,
			);
			path = test1Tests;
			sourceTree = "<group>";
		};
		C01F61C41B4F7C7D00FD6759 /* Supporting Files */ = {
			isa = PBXGroup;
			children = (
				C01F61C51B4F7C7D00FD6759 /* Info.plist */,
			);
			name = "Supporting Files";
			sourceTree = "<group>";
		};
		C048D2441B5502E7008AF8E0 /* table_img */ = {
			isa = PBXGroup;
			children = (
				C048D2451B550303008AF8E0 /* angry_birds_cake.jpg */,
				C048D2461B550303008AF8E0 /* creme_brelee.jpg */,
				C048D2471B550303008AF8E0 /* egg_benedict.jpg */,
				C048D2481B550303008AF8E0 /* full_breakfast.jpg */,
				C048D2491B550303008AF8E0 /* green_tea.jpg */,
				C048D24A1B550303008AF8E0 /* ham_and_cheese_panini.jpg */,
				C048D24B1B550303008AF8E0 /* ham_and_egg_sandwich.jpg */,
				C048D24C1B550303008AF8E0 /* hamburger.jpg */,
				C048D24D1B550303008AF8E0 /* instant_noodle_with_egg.jpg */,
				C048D24E1B550303008AF8E0 /* japanese_noodle_with_pork.jpg */,
				C048D24F1B550303008AF8E0 /* mushroom_risotto.jpg */,
				C048D2501B550303008AF8E0 /* noodle_with_bbq_pork.jpg */,
				C048D2511B550303008AF8E0 /* starbucks_coffee.jpg */,
				C048D2521B550303008AF8E0 /* thai_shrimp_cake.jpg */,
				C048D2531B550303008AF8E0 /* vegetable_curry.jpg */,
				C048D2541B550303008AF8E0 /* white_chocolate_donut.jpg */,
			);
			name = table_img;
			sourceTree = "<group>";
		};
/* End PBXGroup section */

/* Begin PBXNativeTarget section */
		C01F61A61B4F7C7D00FD6759 /* test1 */ = {
			isa = PBXNativeTarget;
			buildConfigurationList = C01F61CA1B4F7C7D00FD6759 /* Build configuration list for PBXNativeTarget "test1" */;
			buildPhases = (
				C01F61A31B4F7C7D00FD6759 /* Sources */,
				C01F61A41B4F7C7D00FD6759 /* Frameworks */,
				C01F61A51B4F7C7D00FD6759 /* Resources */,
			);
			buildRules = (
			);
			dependencies = (
			);
			name = test1;
			productName = test1;
			productReference = C01F61A71B4F7C7D00FD6759 /* test1.app */;
			productType = "com.apple.product-type.application";
		};
		C01F61BF1B4F7C7D00FD6759 /* test1Tests */ = {
			isa = PBXNativeTarget;
			buildConfigurationList = C01F61CD1B4F7C7D00FD6759 /* Build configuration list for PBXNativeTarget "test1Tests" */;
			buildPhases = (
				C01F61BC1B4F7C7D00FD6759 /* Sources */,
				C01F61BD1B4F7C7D00FD6759 /* Frameworks */,
				C01F61BE1B4F7C7D00FD6759 /* Resources */,
			);
			buildRules = (
			);
			dependencies = (
				C01F61C21B4F7C7D00FD6759 /* PBXTargetDependency */,
			);
			name = test1Tests;
			productName = test1Tests;
			productReference = C01F61C01B4F7C7D00FD6759 /* test1Tests.xctest */;
			productType = "com.apple.product-type.bundle.unit-test";
		};
/* End PBXNativeTarget section */

/* Begin PBXProject section */
		C01F619F1B4F7C7D00FD6759 /* Project object */ = {
			isa = PBXProject;
			attributes = {
				LastUpgradeCheck = 0630;
				ORGANIZATIONNAME = mariabina;
				TargetAttributes = {
					C01F61A61B4F7C7D00FD6759 = {
						CreatedOnToolsVersion = 6.3.2;
					};
					C01F61BF1B4F7C7D00FD6759 = {
						CreatedOnToolsVersion = 6.3.2;
						TestTargetID = C01F61A61B4F7C7D00FD6759;
					};
				};
			};
			buildConfigurationList = C01F61A21B4F7C7D00FD6759 /* Build configuration list for PBXProject "test1" */;
			compatibilityVersion = "Xcode 3.2";
			developmentRegion = English;
			hasScannedForEncodings = 0;
			knownRegions = (
				en,
				Base,
			);
			mainGroup = C01F619E1B4F7C7D00FD6759;
			productRefGroup = C01F61A81B4F7C7D00FD6759 /* Products */;
			projectDirPath = "";
			projectRoot = "";
			targets = (
				C01F61A61B4F7C7D00FD6759 /* test1 */,
				C01F61BF1B4F7C7D00FD6759 /* test1Tests */,
			);
		};
/* End PBXProject section */

/* Begin PBXResourcesBuildPhase section */
		C01F61A51B4F7C7D00FD6759 /* Resources */ = {
			isa = PBXResourcesBuildPhase;
			buildActionMask = 2147483647;
			files = (
				C048D2581B550303008AF8E0 /* full_breakfast.jpg in Resources */,
				C01F61B61B4F7C7D00FD6759 /* Main.storyboard in Resources */,
				C048D2561B550303008AF8E0 /* creme_brelee.jpg in Resources */,
				C048D2631B550303008AF8E0 /* vegetable_curry.jpg in Resources */,
				C048D2621B550303008AF8E0 /* thai_shrimp_cake.jpg in Resources */,
				C01F61BB1B4F7C7D00FD6759 /* LaunchScreen.xib in Resources */,
				C048D2641B550303008AF8E0 /* white_chocolate_donut.jpg in Resources */,
				C048D25D1B550303008AF8E0 /* instant_noodle_with_egg.jpg in Resources */,
				C048D25C1B550303008AF8E0 /* hamburger.jpg in Resources */,
				C048D2601B550303008AF8E0 /* noodle_with_bbq_pork.jpg in Resources */,
				C048D2551B550303008AF8E0 /* angry_birds_cake.jpg in Resources */,
				C01F61B81B4F7C7D00FD6759 /* Images.xcassets in Resources */,
				C048D25A1B550303008AF8E0 /* ham_and_cheese_panini.jpg in Resources */,
				C048D2591B550303008AF8E0 /* green_tea.jpg in Resources */,
				C0A9F0E51B564B5100047182 /* TableCell.xib in Resources */,
				C048D25F1B550303008AF8E0 /* mushroom_risotto.jpg in Resources */,
				C048D2611B550303008AF8E0 /* starbucks_coffee.jpg in Resources */,
				C048D2571B550303008AF8E0 /* egg_benedict.jpg in Resources */,
				C048D25B1B550303008AF8E0 /* ham_and_egg_sandwich.jpg in Resources */,
				C048D25E1B550303008AF8E0 /* japanese_noodle_with_pork.jpg in Resources */,
			);
			runOnlyForDeploymentPostprocessing = 0;
		};
		C01F61BE1B4F7C7D00FD6759 /* Resources */ = {
			isa = PBXResourcesBuildPhase;
			buildActionMask = 2147483647;
			files = (
			);
			runOnlyForDeploymentPostprocessing = 0;
		};
/* End PBXResourcesBuildPhase section */

/* Begin PBXSourcesBuildPhase section */
		C01F61A31B4F7C7D00FD6759 /* Sources */ = {
			isa = PBXSourcesBuildPhase;
			buildActionMask = 2147483647;
			files = (
				C01F61B31B4F7C7D00FD6759 /* ViewController.m in Sources */,
				C01F61B01B4F7C7D00FD6759 /* AppDelegate.m in Sources */,
				C05C50C81B5793CA00D7DDCF /* TableCellController.m in Sources */,
				C0383E9D1B65EF42000FBFA4 /* CellDetailViewController.m in Sources */,
				C01F61AD1B4F7C7D00FD6759 /* main.m in Sources */,
				C01615901B4FC59F00D66DC6 /* TableViewController.m in Sources */,
			);
			runOnlyForDeploymentPostprocessing = 0;
		};
		C01F61BC1B4F7C7D00FD6759 /* Sources */ = {
			isa = PBXSourcesBuildPhase;
			buildActionMask = 2147483647;
			files = (
				C01F61C71B4F7C7D00FD6759 /* test1Tests.m in Sources */,
			);
			runOnlyForDeploymentPostprocessing = 0;
		};
/* End PBXSourcesBuildPhase section */

/* Begin PBXTargetDependency section */
		C01F61C21B4F7C7D00FD6759 /* PBXTargetDependency */ = {
			isa = PBXTargetDependency;
			target = C01F61A61B4F7C7D00FD6759 /* test1 */;
			targetProxy = C01F61C11B4F7C7D00FD6759 /* PBXContainerItemProxy */;
		};
/* End PBXTargetDependency section */

/* Begin PBXVariantGroup section */
		C01F61B41B4F7C7D00FD6759 /* Main.storyboard */ = {
			isa = PBXVariantGroup;
			children = (
				C01F61B51B4F7C7D00FD6759 /* Base */,
			);
			name = Main.storyboard;
			sourceTree = "<group>";
		};
		C01F61B91B4F7C7D00FD6759 /* LaunchScreen.xib */ = {
			isa = PBXVariantGroup;
			children = (
				C01F61BA1B4F7C7D00FD6759 /* Base */,
			);
			name = LaunchScreen.xib;
			sourceTree = "<group>";
		};
/* End PBXVariantGroup section */

/* Begin XCBuildConfiguration section */
		C01F61C81B4F7C7D00FD6759 /* Debug */ = {
			isa = XCBuildConfiguration;
			buildSettings = {
				ALWAYS_SEARCH_USER_PATHS = NO;
				CLANG_CXX_LANGUAGE_STANDARD = "gnu++0x";
				CLANG_CXX_LIBRARY = "libc++";
				CLANG_ENABLE_MODULES = YES;
				CLANG_ENABLE_OBJC_ARC = YES;
				CLANG_WARN_BOOL_CONVERSION = YES;
				CLANG_WARN_CONSTANT_CONVERSION = YES;
				CLANG_WARN_DIRECT_OBJC_ISA_USAGE = YES_ERROR;
				CLANG_WARN_EMPTY_BODY = YES;
				CLANG_WARN_ENUM_CONVERSION = YES;
				CLANG_WARN_INT_CONVERSION = YES;
				CLANG_WARN_OBJC_ROOT_CLASS = YES_ERROR;
				CLANG_WARN_UNREACHABLE_CODE = YES;
				CLANG_WARN__DUPLICATE_METHOD_MATCH = YES;
				"CODE_SIGN_IDENTITY[sdk=iphoneos*]" = "iPhone Developer";
				COPY_PHASE_STRIP = NO;
				DEBUG_INFORMATION_FORMAT = "dwarf-with-dsym";
				ENABLE_STRICT_OBJC_MSGSEND = YES;
				GCC_C_LANGUAGE_STANDARD = gnu99;
				GCC_DYNAMIC_NO_PIC = NO;
				GCC_NO_COMMON_BLOCKS = YES;
				GCC_OPTIMIZATION_LEVEL = 0;
				GCC_PREPROCESSOR_DEFINITIONS = (
					"DEBUG=1",
					"$(inherited)",
				);
				GCC_SYMBOLS_PRIVATE_EXTERN = NO;
				GCC_WARN_64_TO_32_BIT_CONVERSION = YES;
				GCC_WARN_ABOUT_RETURN_TYPE = YES_ERROR;
				GCC_WARN_UNDECLARED_SELECTOR = YES;
				GCC_WARN_UNINITIALIZED_AUTOS = YES_AGGRESSIVE;
				GCC_WARN_UNUSED_FUNCTION = YES;
				GCC_WARN_UNUSED_VARIABLE = YES;
				IPHONEOS_DEPLOYMENT_TARGET = 8.3;
				MTL_ENABLE_DEBUG_INFO = YES;
				ONLY_ACTIVE_ARCH = YES;
				SDKROOT = iphoneos;
				TARGETED_DEVICE_FAMILY = "1,2";
			};
			name = Debug;
		};
		C01F61C91B4F7C7D00FD6759 /* Release */ = {
			isa = XCBuildConfiguration;
			buildSettings = {
				ALWAYS_SEARCH_USER_PATHS = NO;
				CLANG_CXX_LANGUAGE_STANDARD = "gnu++0x";
				CLANG_CXX_LIBRARY = "libc++";
				CLANG_ENABLE_MODULES = YES;
				CLANG_ENABLE_OBJC_ARC = YES;
				CLANG_WARN_BOOL_CONVERSION = YES;
				CLANG_WARN_CONSTANT_CONVERSION = YES;
				CLANG_WARN_DIRECT_OBJC_ISA_USAGE = YES_ERROR;
				CLANG_WARN_EMPTY_BODY = YES;
				CLANG_WARN_ENUM_CONVERSION = YES;
				CLANG_WARN_INT_CONVERSION = YES;
				CLANG_WARN_OBJC_ROOT_CLASS = YES_ERROR;
				CLANG_WARN_UNREACHABLE_CODE = YES;
				CLANG_WARN__DUPLICATE_METHOD_MATCH = YES;
				"CODE_SIGN_IDENTITY[sdk=iphoneos*]" = "iPhone Developer";
				COPY_PHASE_STRIP = NO;
				DEBUG_INFORMATION_FORMAT = "dwarf-with-dsym";
				ENABLE_NS_ASSERTIONS = NO;
				ENABLE_STRICT_OBJC_MSGSEND = YES;
				GCC_C_LANGUAGE_STANDARD = gnu99;
				GCC_NO_COMMON_BLOCKS = YES;
				GCC_WARN_64_TO_32_BIT_CONVERSION = YES;
				GCC_WARN_ABOUT_RETURN_TYPE = YES_ERROR;
				GCC_WARN_UNDECLARED_SELECTOR = YES;
				GCC_WARN_UNINITIALIZED_AUTOS = YES_AGGRESSIVE;
				GCC_WARN_UNUSED_FUNCTION = YES;
				GCC_WARN_UNUSED_VARIABLE = YES;
				IPHONEOS_DEPLOYMENT_TARGET = 8.3;
				MTL_ENABLE_DEBUG_INFO = NO;
				SDKROOT = iphoneos;
				TARGETED_DEVICE_FAMILY = "1,2";
				VALIDATE_PRODUCT = YES;
			};
			name = Release;
		};
		C01F61CB1B4F7C7D00FD6759 /* Debug */ = {
			isa = XCBuildConfiguration;
			buildSettings = {
				ASSETCATALOG_COMPILER_APPICON_NAME = AppIcon;
				INFOPLIST_FILE = test1/Info.plist;
				LD_RUNPATH_SEARCH_PATHS = "$(inherited) @executable_path/Frameworks";
				PRODUCT_NAME = "$(TARGET_NAME)";
			};
			name = Debug;
		};
		C01F61CC1B4F7C7D00FD6759 /* Release */ = {
			isa = XCBuildConfiguration;
			buildSettings = {
				ASSETCATALOG_COMPILER_APPICON_NAME = AppIcon;
				INFOPLIST_FILE = test1/Info.plist;
				LD_RUNPATH_SEARCH_PATHS = "$(inherited) @executable_path/Frameworks";
				PRODUCT_NAME = "$(TARGET_NAME)";
			};
			name = Release;
		};
		C01F61CE1B4F7C7D00FD6759 /* Debug */ = {
			isa = XCBuildConfiguration;
			buildSettings = {
				BUNDLE_LOADER = "$(TEST_HOST)";
				FRAMEWORK_SEARCH_PATHS = (
					"$(SDKROOT)/Developer/Library/Frameworks",
					"$(inherited)",
				);
				GCC_PREPROCESSOR_DEFINITIONS = (
					"DEBUG=1",
					"$(inherited)",
				);
				INFOPLIST_FILE = test1Tests/Info.plist;
				LD_RUNPATH_SEARCH_PATHS = "$(inherited) @executable_path/Frameworks @loader_path/Frameworks";
				PRODUCT_NAME = "$(TARGET_NAME)";
				TEST_HOST = "$(BUILT_PRODUCTS_DIR)/test1.app/test1";
			};
			name = Debug;
		};
		C01F61CF1B4F7C7D00FD6759 /* Release */ = {
			isa = XCBuildConfiguration;
			buildSettings = {
				BUNDLE_LOADER = "$(TEST_HOST)";
				FRAMEWORK_SEARCH_PATHS = (
					"$(SDKROOT)/Developer/Library/Frameworks",
					"$(inherited)",
				);
				INFOPLIST_FILE = test1Tests/Info.plist;
				LD_RUNPATH_SEARCH_PATHS = "$(inherited) @executable_path/Frameworks @loader_path/Frameworks";
				PRODUCT_NAME = "$(TARGET_NAME)";
				TEST_HOST = "$(BUILT_PRODUCTS_DIR)/test1.app/test1";
			};
			name = Release;
		};
/* End XCBuildConfiguration section */

/* Begin XCConfigurationList section */
		C01F61A21B4F7C7D00FD6759 /* Build configuration list for PBXProject "test1" */ = {
			isa = XCConfigurationList;
			buildConfigurations = (
				C01F61C81B4F7C7D00FD6759 /* Debug */,
				C01F61C91B4F7C7D00FD6759 /* Release */,
			);
			defaultConfigurationIsVisible = 0;
			defaultConfigurationName = Release;
		};
		C01F61CA1B4F7C7D00FD6759 /* Build configuration list for PBXNativeTarget "test1" */ = {
			isa = XCConfigurationList;
			buildConfigurations = (
				C01F61CB1B4F7C7D00FD6759 /* Debug */,
				C01F61CC1B4F7C7D00FD6759 /* Release */,
			);
			defaultConfigurationIsVisible = 0;
			defaultConfigurationName = Release;
		};
		C01F61CD1B4F7C7D00FD6759 /* Build configuration list for PBXNativeTarget "test1Tests" */ = {
			isa = XCConfigurationList;
			buildConfigurations = (
				C01F61CE1B4F7C7D00FD6759 /* Debug */,
				C01F61CF1B4F7C7D00FD6759 /* Release */,
			);
			defaultConfigurationIsVisible = 0;
			defaultConfigurationName = Release;
		};
/* End XCConfigurationList section */
	};
	rootObject = C01F619F1B4F7C7D00FD6759 /* Project object */;
}
